
Microsoft Visual Studio Solution File, Format Version 12.00
# Visual Studio Version 17
VisualStudioVersion = 17.14.36401.2 d17.14
MinimumVisualStudioVersion = 10.0.40219.1
Project("{FAE04EC0-301F-11D3-BF4B-00C04F79EFBC}") = "Runiverse OS", "Runiverse OS.csproj", "{9AE7C329-6CC5-4CD2-933C-CA36FB6F5418}"
EndProject
Global
	GlobalSection(SolutionConfigurationPlatforms) = preSolution
		Debug|Any CPU = Debug|Any CPU
		Release|Any CPU = Release|Any CPU
	EndGlobalSection
	GlobalSection(ProjectConfigurationPlatforms) = postSolution
		{9AE7C329-6CC5-4CD2-933C-CA36FB6F5418}.Debug|Any CPU.ActiveCfg = Debug|Any CPU
		{9AE7C329-6CC5-4CD2-933C-CA36FB6F5418}.Debug|Any CPU.Build.0 = Debug|Any CPU
		{9AE7C329-6CC5-4CD2-933C-CA36FB6F5418}.Release|Any CPU.ActiveCfg = Release|Any CPU
		{9AE7C329-6CC5-4CD2-933C-CA36FB6F5418}.Release|Any CPU.Build.0 = Release|Any CPU
	EndGlobalSection
	GlobalSection(SolutionProperties) = preSolution
		HideSolutionNode = FALSE
	EndGlobalSection
	GlobalSection(ExtensibilityGlobals) = postSolution
		SolutionGuid = {658E10AE-460A-4B1F-A837-95A87B068AF7}
	EndGlobalSection
EndGlobal
